// !$*UTF8*$!
{
	archiveVersion = 1;
	classes = {
	};
	objectVersion = 46;
	objects = {

/* Begin PBXBuildFile section */
		A844D6651D65521C00207151 /* main.m in Sources */ = {isa = PBXBuildFile; fileRef = A844D6641D65521C00207151 /* main.m */; };
		A844D6681D65521C00207151 /* AppDelegate.m in Sources */ = {isa = PBXBuildFile; fileRef = A844D6671D65521C00207151 /* AppDelegate.m */; };
		A844D66B1D65521C00207151 /* ViewController.m in Sources */ = {isa = PBXBuildFile; fileRef = A844D66A1D65521C00207151 /* ViewController.m */; };
		A844D66E1D65521C00207151 /* Main.storyboard in Resources */ = {isa = PBXBuildFile; fileRef = A844D66C1D65521C00207151 /* Main.storyboard */; };
		A844D6701D65521C00207151 /* Assets.xcassets in Resources */ = {isa = PBXBuildFile; fileRef = A844D66F1D65521C00207151 /* Assets.xcassets */; };
		A844D6731D65521C00207151 /* LaunchScreen.storyboard in Resources */ = {isa = PBXBuildFile; fileRef = A844D6711D65521C00207151 /* LaunchScreen.storyboard */; };
		A844D67E1D65521C00207151 /* BFLBS3DMapDemoTests.m in Sources */ = {isa = PBXBuildFile; fileRef = A844D67D1D65521C00207151 /* BFLBS3DMapDemoTests.m */; };
		A844D6891D65521C00207151 /* BFLBS3DMapDemoUITests.m in Sources */ = {isa = PBXBuildFile; fileRef = A844D6881D65521C00207151 /* BFLBS3DMapDemoUITests.m */; };
/* End PBXBuildFile section */

/* Begin PBXContainerItemProxy section */
		A844D67A1D65521C00207151 /* PBXContainerItemProxy */ = {
			isa = PBXContainerItemProxy;
			containerPortal = A844D6581D65521B00207151 /* Project object */;
			proxyType = 1;
			remoteGlobalIDString = A844D65F1D65521B00207151;
			remoteInfo = BFLBS3DMapDemo;
		};
		A844D6851D65521C00207151 /* PBXContainerItemProxy */ = {
			isa = PBXContainerItemProxy;
			containerPortal = A844D6581D65521B00207151 /* Project object */;
			proxyType = 1;
			remoteGlobalIDString = A844D65F1D65521B00207151;
			remoteInfo = BFLBS3DMapDemo;
		};
/* End PBXContainerItemProxy section */

/* Begin PBXFileReference section */
		A844D6601D65521C00207151 /* BFLBS3DMapDemo.app */ = {isa = PBXFileReference; explicitFileType = wrapper.application; includeInIndex = 0; path = BFLBS3DMapDemo.app; sourceTree = BUILT_PRODUCTS_DIR; };
		A844D6641D65521C00207151 /* main.m */ = {isa = PBXFileReference; lastKnownFileType = sourcecode.c.objc; path = main.m; sourceTree = "<group>"; };
		A844D6661D65521C00207151 /* AppDelegate.h */ = {isa = PBXFileReference; lastKnownFileType = sourcecode.c.h; path = AppDelegate.h; sourceTree = "<group>"; };
		A844D6671D65521C00207151 /* AppDelegate.m */ = {isa = PBXFileReference; lastKnownFileType = sourcecode.c.objc; path = AppDelegate.m; sourceTree = "<group>"; };
		A844D6691D65521C00207151 /* ViewController.h */ = {isa = PBXFileReference; lastKnownFileType = sourcecode.c.h; path = ViewController.h; sourceTree = "<group>"; };
		A844D66A1D65521C00207151 /* ViewController.m */ = {isa = PBXFileReference; lastKnownFileType = sourcecode.c.objc; path = ViewController.m; sourceTree = "<group>"; };
		A844D66D1D65521C00207151 /* Base */ = {isa = PBXFileReference; lastKnownFileType = file.storyboard; name = Base; path = Base.lproj/Main.storyboard; sourceTree = "<group>"; };
		A844D66F1D65521C00207151 /* Assets.xcassets */ = {isa = PBXFileReference; lastKnownFileType = folder.assetcatalog; path = Assets.xcassets; sourceTree = "<group>"; };
		A844D6721D65521C00207151 /* Base */ = {isa = PBXFileReference; lastKnownFileType = file.storyboard; name = Base; path = Base.lproj/LaunchScreen.storyboard; sourceTree = "<group>"; };
		A844D6741D65521C00207151 /* Info.plist */ = {isa = PBXFileReference; lastKnownFileType = text.plist.xml; path = Info.plist; sourceTree = "<group>"; };
		A844D6791D65521C00207151 /* BFLBS3DMapDemoTests.xctest */ = {isa = PBXFileReference; explicitFileType = wrapper.cfbundle; includeInIndex = 0; path = BFLBS3DMapDemoTests.xctest; sourceTree = BUILT_PRODUCTS_DIR; };
		A844D67D1D65521C00207151 /* BFLBS3DMapDemoTests.m */ = {isa = PBXFileReference; lastKnownFileType = sourcecode.c.objc; path = BFLBS3DMapDemoTests.m; sourceTree = "<group>"; };
		A844D67F1D65521C00207151 /* Info.plist */ = {isa = PBXFileReference; lastKnownFileType = text.plist.xml; path = Info.plist; sourceTree = "<group>"; };
		A844D6841D65521C00207151 /* BFLBS3DMapDemoUITests.xctest */ = {isa = PBXFileReference; explicitFileType = wrapper.cfbundle; includeInIndex = 0; path = BFLBS3DMapDemoUITests.xctest; sourceTree = BUILT_PRODUCTS_DIR; };
		A844D6881D65521C00207151 /* BFLBS3DMapDemoUITests.m */ = {isa = PBXFileReference; lastKnownFileType = sourcecode.c.objc; path = BFLBS3DMapDemoUITests.m; sourceTree = "<group>"; };
		A844D68A1D65521C00207151 /* Info.plist */ = {isa = PBXFileReference; lastKnownFileType = text.plist.xml; path = Info.plist; sourceTree = "<group>"; };
/* End PBXFileReference section */

/* Begin PBXFrameworksBuildPhase section */
		A844D65D1D65521B00207151 /* Frameworks */ = {
			isa = PBXFrameworksBuildPhase;
			buildActionMask = 2147483647;
			files = (
			);
			runOnlyForDeploymentPostprocessing = 0;
		};
		A844D6761D65521C00207151 /* Frameworks */ = {
			isa = PBXFrameworksBuildPhase;
			buildActionMask = 2147483647;
			files = (
			);
			runOnlyForDeploymentPostprocessing = 0;
		};
		A844D6811D65521C00207151 /* Frameworks */ = {
			isa = PBXFrameworksBuildPhase;
			buildActionMask = 2147483647;
			files = (
			);
			runOnlyForDeploymentPostprocessing = 0;
		};
/* End PBXFrameworksBuildPhase section */

/* Begin PBXGroup section */
		A844D6571D65521B00207151 = {
			isa = PBXGroup;
			children = (
				A844D6621D65521C00207151 /* BFLBS3DMapDemo */,
				A844D67C1D65521C00207151 /* BFLBS3DMapDemoTests */,
				A844D6871D65521C00207151 /* BFLBS3DMapDemoUITests */,
				A844D6611D65521C00207151 /* Products */,
			);
			sourceTree = "<group>";
		};
		A844D6611D65521C00207151 /* Products */ = {
			isa = PBXGroup;
			children = (
				A844D6601D65521C00207151 /* BFLBS3DMapDemo.app */,
				A844D6791D65521C00207151 /* BFLBS3DMapDemoTests.xctest */,
				A844D6841D65521C00207151 /* BFLBS3DMapDemoUITests.xctest */,
			);
			name = Products;
			sourceTree = "<group>";
		};
		A844D6621D65521C00207151 /* BFLBS3DMapDemo */ = {
			isa = PBXGroup;
			children = (
				A844D6661D65521C00207151 /* AppDelegate.h */,
				A844D6671D65521C00207151 /* AppDelegate.m */,
				A844D6691D65521C00207151 /* ViewController.h */,
				A844D66A1D65521C00207151 /* ViewController.m */,
				A844D66C1D65521C00207151 /* Main.storyboard */,
				A844D66F1D65521C00207151 /* Assets.xcassets */,
				A844D6711D65521C00207151 /* LaunchScreen.storyboard */,
				A844D6741D65521C00207151 /* Info.plist */,
				A844D6631D65521C00207151 /* Supporting Files */,
			);
			path = BFLBS3DMapDemo;
			sourceTree = "<group>";
		};
		A844D6631D65521C00207151 /* Supporting Files */ = {
			isa = PBXGroup;
			children = (
				A844D6641D65521C00207151 /* main.m */,
			);
			name = "Supporting Files";
			sourceTree = "<group>";
		};
		A844D67C1D65521C00207151 /* BFLBS3DMapDemoTests */ = {
			isa = PBXGroup;
			children = (
				A844D67D1D65521C00207151 /* BFLBS3DMapDemoTests.m */,
				A844D67F1D65521C00207151 /* Info.plist */,
			);
			path = BFLBS3DMapDemoTests;
			sourceTree = "<group>";
		};
		A844D6871D65521C00207151 /* BFLBS3DMapDemoUITests */ = {
			isa = PBXGroup;
			children = (
				A844D6881D65521C00207151 /* BFLBS3DMapDemoUITests.m */,
				A844D68A1D65521C00207151 /* Info.plist */,
			);
			path = BFLBS3DMapDemoUITests;
			sourceTree = "<group>";
		};
/* End PBXGroup section */

/* Begin PBXNativeTarget section */
		A844D65F1D65521B00207151 /* BFLBS3DMapDemo */ = {
			isa = PBXNativeTarget;
			buildConfigurationList = A844D68D1D65521C00207151 /* Build configuration list for PBXNativeTarget "BFLBS3DMapDemo" */;
			buildPhases = (
				A844D65C1D65521B00207151 /* Sources */,
				A844D65D1D65521B00207151 /* Frameworks */,
				A844D65E1D65521B00207151 /* Resources */,
			);
			buildRules = (
			);
			dependencies = (
			);
			name = BFLBS3DMapDemo;
			productName = BFLBS3DMapDemo;
			productReference = A844D6601D65521C00207151 /* BFLBS3DMapDemo.app */;
			productType = "com.apple.product-type.application";
		};
		A844D6781D65521C00207151 /* BFLBS3DMapDemoTests */ = {
			isa = PBXNativeTarget;
			buildConfigurationList = A844D6901D65521C00207151 /* Build configuration list for PBXNativeTarget "BFLBS3DMapDemoTests" */;
			buildPhases = (
				A844D6751D65521C00207151 /* Sources */,
				A844D6761D65521C00207151 /* Frameworks */,
				A844D6771D65521C00207151 /* Resources */,
			);
			buildRules = (
			);
			dependencies = (
				A844D67B1D65521C00207151 /* PBXTargetDependency */,
			);
			name = BFLBS3DMapDemoTests;
			productName = BFLBS3DMapDemoTests;
			productReference = A844D6791D65521C00207151 /* BFLBS3DMapDemoTests.xctest */;
			productType = "com.apple.product-type.bundle.unit-test";
		};
		A844D6831D65521C00207151 /* BFLBS3DMapDemoUITests */ = {
			isa = PBXNativeTarget;
			buildConfigurationList = A844D6931D65521C00207151 /* Build configuration list for PBXNativeTarget "BFLBS3DMapDemoUITests" */;
			buildPhases = (
				A844D6801D65521C00207151 /* Sources */,
				A844D6811D65521C00207151 /* Frameworks */,
				A844D6821D65521C00207151 /* Resources */,
			);
			buildRules = (
			);
			dependencies = (
				A844D6861D65521C00207151 /* PBXTargetDependency */,
			);
			name = BFLBS3DMapDemoUITests;
			productName = BFLBS3DMapDemoUITests;
			productReference = A844D6841D65521C00207151 /* BFLBS3DMapDemoUITests.xctest */;
			productType = "com.apple.product-type.bundle.ui-testing";
		};
/* End PBXNativeTarget section */

/* Begin PBXProject section */
		A844D6581D65521B00207151 /* Project object */ = {
			isa = PBXProject;
			attributes = {
				LastUpgradeCheck = 0720;
				ORGANIZATIONNAME = BF;
				TargetAttributes = {
					A844D65F1D65521B00207151 = {
						CreatedOnToolsVersion = 7.2;
					};
					A844D6781D65521C00207151 = {
						CreatedOnToolsVersion = 7.2;
						TestTargetID = A844D65F1D65521B00207151;
					};
					A844D6831D65521C00207151 = {
						CreatedOnToolsVersion = 7.2;
						TestTargetID = A844D65F1D65521B00207151;
					};
				};
			};
			buildConfigurationList = A844D65B1D65521B00207151 /* Build configuration list for PBXProject "BFLBS3DMapDemo" */;
			compatibilityVersion = "Xcode 3.2";
			developmentRegion = English;
			hasScannedForEncodings = 0;
			knownRegions = (
				en,
				Base,
			);
			mainGroup = A844D6571D65521B00207151;
			productRefGroup = A844D6611D65521C00207151 /* Products */;
			projectDirPath = "";
			projectRoot = "";
			targets = (
				A844D65F1D65521B00207151 /* BFLBS3DMapDemo */,
				A844D6781D65521C00207151 /* BFLBS3DMapDemoTests */,
				A844D6831D65521C00207151 /* BFLBS3DMapDemoUITests */,
			);
		};
/* End PBXProject section */

/* Begin PBXResourcesBuildPhase section */
		A844D65E1D65521B00207151 /* Resources */ = {
			isa = PBXResourcesBuildPhase;
			buildActionMask = 2147483647;
			files = (
				A844D6731D65521C00207151 /* LaunchScreen.storyboard in Resources */,
				A844D6701D65521C00207151 /* Assets.xcassets in Resources */,
				A844D66E1D65521C00207151 /* Main.storyboard in Resources */,
			);
			runOnlyForDeploymentPostprocessing = 0;
		};
		A844D6771D65521C00207151 /* Resources */ = {
			isa = PBXResourcesBuildPhase;
			buildActionMask = 2147483647;
			files = (
			);
			runOnlyForDeploymentPostprocessing = 0;
		};
		A844D6821D65521C00207151 /* Resources */ = {
			isa = PBXResourcesBuildPhase;
			buildActionMask = 2147483647;
			files = (
			);
			runOnlyForDeploymentPostprocessing = 0;
		};
/* End PBXResourcesBuildPhase section */

/* Begin PBXSourcesBuildPhase section */
		A844D65C1D65521B00207151 /* Sources */ = {
			isa = PBXSourcesBuildPhase;
			buildActionMask = 2147483647;
			files = (
				A844D66B1D65521C00207151 /* ViewController.m in Sources */,
				A844D6681D65521C00207151 /* AppDelegate.m in Sources */,
				A844D6651D65521C00207151 /* main.m in Sources */,
			);
			runOnlyForDeploymentPostprocessing = 0;
		};
		A844D6751D65521C00207151 /* Sources */ = {
			isa = PBXSourcesBuildPhase;
			buildActionMask = 2147483647;
			files = (
				A844D67E1D65521C00207151 /* BFLBS3DMapDemoTests.m in Sources */,
			);
			runOnlyForDeploymentPostprocessing = 0;
		};
		A844D6801D65521C00207151 /* Sources */ = {
			isa = PBXSourcesBuildPhase;
			buildActionMask = 2147483647;
			files = (
				A844D6891D65521C00207151 /* BFLBS3DMapDemoUITests.m in Sources */,
			);
			runOnlyForDeploymentPostprocessing = 0;
		};
/* End PBXSourcesBuildPhase section */

/* Begin PBXTargetDependency section */
		A844D67B1D65521C00207151 /* PBXTargetDependency */ = {
			isa = PBXTargetDependency;
			target = A844D65F1D65521B00207151 /* BFLBS3DMapDemo */;
			targetProxy = A844D67A1D65521C00207151 /* PBXContainerItemProxy */;
		};
		A844D6861D65521C00207151 /* PBXTargetDependency */ = {
			isa = PBXTargetDependency;
			target = A844D65F1D65521B00207151 /* BFLBS3DMapDemo */;
			targetProxy = A844D6851D65521C00207151 /* PBXContainerItemProxy */;
		};
/* End PBXTargetDependency section */

/* Begin PBXVariantGroup section */
		A844D66C1D65521C00207151 /* Main.storyboard */ = {
			isa = PBXVariantGroup;
			children = (
				A844D66D1D65521C00207151 /* Base */,
			);
			name = Main.storyboard;
			sourceTree = "<group>";
		};
		A844D6711D65521C00207151 /* LaunchScreen.storyboard */ = {
			isa = PBXVariantGroup;
			children = (
				A844D6721D65521C00207151 /* Base */,
			);
			name = LaunchScreen.storyboard;
			sourceTree = "<group>";
		};
/* End PBXVariantGroup section */

/* Begin XCBuildConfiguration section */
		A844D68B1D65521C00207151 /* Debug */ = {
			isa = XCBuildConfiguration;
			buildSettings = {
				ALWAYS_SEARCH_USER_PATHS = NO;
				CLANG_CXX_LANGUAGE_STANDARD = "gnu++0x";
				CLANG_CXX_LIBRARY = "libc++";
				CLANG_ENABLE_MODULES = YES;
				CLANG_ENABLE_OBJC_ARC = YES;
				CLANG_WARN_BOOL_CONVERSION = YES;
				CLANG_WARN_CONSTANT_CONVERSION = YES;
				CLANG_WARN_DIRECT_OBJC_ISA_USAGE = YES_ERROR;
				CLANG_WARN_EMPTY_BODY = YES;
				CLANG_WARN_ENUM_CONVERSION = YES;
				CLANG_WARN_INT_CONVERSION = YES;
				CLANG_WARN_OBJC_ROOT_CLASS = YES_ERROR;
				CLANG_WARN_UNREACHABLE_CODE = YES;
				CLANG_WARN__DUPLICATE_METHOD_MATCH = YES;
				"CODE_SIGN_IDENTITY[sdk=iphoneos*]" = "iPhone Developer";
				COPY_PHASE_STRIP = NO;
				DEBUG_INFORMATION_FORMAT = dwarf;
				ENABLE_STRICT_OBJC_MSGSEND = YES;
				ENABLE_TESTABILITY = YES;
				GCC_C_LANGUAGE_STANDARD = gnu99;
				GCC_DYNAMIC_NO_PIC = NO;
				GCC_NO_COMMON_BLOCKS = YES;
				GCC_OPTIMIZATION_LEVEL = 0;
				GCC_PREPROCESSOR_DEFINITIONS = (
					"DEBUG=1",
					"$(inherited)",
				);
				GCC_WARN_64_TO_32_BIT_CONVERSION = YES;
				GCC_WARN_ABOUT_RETURN_TYPE = YES_ERROR;
				GCC_WARN_UNDECLARED_SELECTOR = YES;
				GCC_WARN_UNINITIALIZED_AUTOS = YES_AGGRESSIVE;
				GCC_WARN_UNUSED_FUNCTION = YES;
				GCC_WARN_UNUSED_VARIABLE = YES;
				IPHONEOS_DEPLOYMENT_TARGET = 9.2;
				MTL_ENABLE_DEBUG_INFO = YES;
				ONLY_ACTIVE_ARCH = YES;
				SDKROOT = iphoneos;
			};
			name = Debug;
		};
		A844D68C1D65521C00207151 /* Release */ = {
			isa = XCBuildConfiguration;
			buildSettings = {
				ALWAYS_SEARCH_USER_PATHS = NO;
				CLANG_CXX_LANGUAGE_STANDARD = "gnu++0x";
				CLANG_CXX_LIBRARY = "libc++";
				CLANG_ENABLE_MODULES = YES;
				CLANG_ENABLE_OBJC_ARC = YES;
				CLANG_WARN_BOOL_CONVERSION = YES;
				CLANG_WARN_CONSTANT_CONVERSION = YES;
				CLANG_WARN_DIRECT_OBJC_ISA_USAGE = YES_ERROR;
				CLANG_WARN_EMPTY_BODY = YES;
				CLANG_WARN_ENUM_CONVERSION = YES;
				CLANG_WARN_INT_CONVERSION = YES;
				CLANG_WARN_OBJC_ROOT_CLASS = YES_ERROR;
				CLANG_WARN_UNREACHABLE_CODE = YES;
				CLANG_WARN__DUPLICATE_METHOD_MATCH = YES;
				"CODE_SIGN_IDENTITY[sdk=iphoneos*]" = "iPhone Developer";
				COPY_PHASE_STRIP = NO;
				DEBUG_INFORMATION_FORMAT = "dwarf-with-dsym";
				ENABLE_NS_ASSERTIONS = NO;
				ENABLE_STRICT_OBJC_MSGSEND = YES;
				GCC_C_LANGUAGE_STANDARD = gnu99;
				GCC_NO_COMMON_BLOCKS = YES;
				GCC_WARN_64_TO_32_BIT_CONVERSION = YES;
				GCC_WARN_ABOUT_RETURN_TYPE = YES_ERROR;
				GCC_WARN_UNDECLARED_SELECTOR = YES;
				GCC_WARN_UNINITIALIZED_AUTOS = YES_AGGRESSIVE;
				GCC_WARN_UNUSED_FUNCTION = YES;
				GCC_WARN_UNUSED_VARIABLE = YES;
				IPHONEOS_DEPLOYMENT_TARGET = 9.2;
				MTL_ENABLE_DEBUG_INFO = NO;
				SDKROOT = iphoneos;
				VALIDATE_PRODUCT = YES;
			};
			name = Release;
		};
		A844D68E1D65521C00207151 /* Debug */ = {
			isa = XCBuildConfiguration;
			buildSettings = {
				ASSETCATALOG_COMPILER_APPICON_NAME = AppIcon;
				INFOPLIST_FILE = BFLBS3DMapDemo/Info.plist;
				LD_RUNPATH_SEARCH_PATHS = "$(inherited) @executable_path/Frameworks";
				PRODUCT_BUNDLE_IDENTIFIER = com.bf.BFLBS3DMapDemo;
				PRODUCT_NAME = "$(TARGET_NAME)";
			};
			name = Debug;
		};
		A844D68F1D65521C00207151 /* Release */ = {
			isa = XCBuildConfiguration;
			buildSettings = {
				ASSETCATALOG_COMPILER_APPICON_NAME = AppIcon;
				INFOPLIST_FILE = BFLBS3DMapDemo/Info.plist;
				LD_RUNPATH_SEARCH_PATHS = "$(inherited) @executable_path/Frameworks";
				PRODUCT_BUNDLE_IDENTIFIER = com.bf.BFLBS3DMapDemo;
				PRODUCT_NAME = "$(TARGET_NAME)";
			};
			name = Release;
		};
		A844D6911D65521C00207151 /* Debug */ = {
			isa = XCBuildConfiguration;
			buildSettings = {
				BUNDLE_LOADER = "$(TEST_HOST)";
				INFOPLIST_FILE = BFLBS3DMapDemoTests/Info.plist;
				LD_RUNPATH_SEARCH_PATHS = "$(inherited) @executable_path/Frameworks @loader_path/Frameworks";
				PRODUCT_BUNDLE_IDENTIFIER = com.bf.BFLBS3DMapDemoTests;
				PRODUCT_NAME = "$(TARGET_NAME)";
				TEST_HOST = "$(BUILT_PRODUCTS_DIR)/BFLBS3DMapDemo.app/BFLBS3DMapDemo";
			};
			name = Debug;
		};
		A844D6921D65521C00207151 /* Release */ = {
			isa = XCBuildConfiguration;
			buildSettings = {
				BUNDLE_LOADER = "$(TEST_HOST)";
				INFOPLIST_FILE = BFLBS3DMapDemoTests/Info.plist;
				LD_RUNPATH_SEARCH_PATHS = "$(inherited) @executable_path/Frameworks @loader_path/Frameworks";
				PRODUCT_BUNDLE_IDENTIFIER = com.bf.BFLBS3DMapDemoTests;
				PRODUCT_NAME = "$(TARGET_NAME)";
				TEST_HOST = "$(BUILT_PRODUCTS_DIR)/BFLBS3DMapDemo.app/BFLBS3DMapDemo";
			};
			name = Release;
		};
		A844D6941D65521C00207151 /* Debug */ = {
			isa = XCBuildConfiguration;
			buildSettings = {
				INFOPLIST_FILE = BFLBS3DMapDemoUITests/Info.plist;
				LD_RUNPATH_SEARCH_PATHS = "$(inherited) @executable_path/Frameworks @loader_path/Frameworks";
				PRODUCT_BUNDLE_IDENTIFIER = com.bf.BFLBS3DMapDemoUITests;
				PRODUCT_NAME = "$(TARGET_NAME)";
				TEST_TARGET_NAME = BFLBS3DMapDemo;
				USES_XCTRUNNER = YES;
			};
			name = Debug;
		};
		A844D6951D65521C00207151 /* Release */ = {
			isa = XCBuildConfiguration;
			buildSettings = {
				INFOPLIST_FILE = BFLBS3DMapDemoUITests/Info.plist;
				LD_RUNPATH_SEARCH_PATHS = "$(inherited) @executable_path/Frameworks @loader_path/Frameworks";
				PRODUCT_BUNDLE_IDENTIFIER = com.bf.BFLBS3DMapDemoUITests;
				PRODUCT_NAME = "$(TARGET_NAME)";
				TEST_TARGET_NAME = BFLBS3DMapDemo;
				USES_XCTRUNNER = YES;
			};
			name = Release;
		};
/* End XCBuildConfiguration section */

/* Begin XCConfigurationList section */
		A844D65B1D65521B00207151 /* Build configuration list for PBXProject "BFLBS3DMapDemo" */ = {
			isa = XCConfigurationList;
			buildConfigurations = (
				A844D68B1D65521C00207151 /* Debug */,
				A844D68C1D65521C00207151 /* Release */,
			);
			defaultConfigurationIsVisible = 0;
			defaultConfigurationName = Release;
		};
		A844D68D1D65521C00207151 /* Build configuration list for PBXNativeTarget "BFLBS3DMapDemo" */ = {
			isa = XCConfigurationList;
			buildConfigurations = (
				A844D68E1D65521C00207151 /* Debug */,
				A844D68F1D65521C00207151 /* Release */,
			);
			defaultConfigurationIsVisible = 0;
		};
		A844D6901D65521C00207151 /* Build configuration list for PBXNativeTarget "BFLBS3DMapDemoTests" */ = {
			isa = XCConfigurationList;
			buildConfigurations = (
				A844D6911D65521C00207151 /* Debug */,
				A844D6921D65521C00207151 /* Release */,
			);
			defaultConfigurationIsVisible = 0;
		};
		A844D6931D65521C00207151 /* Build configuration list for PBXNativeTarget "BFLBS3DMapDemoUITests" */ = {
			isa = XCConfigurationList;
			buildConfigurations = (
				A844D6941D65521C00207151 /* Debug */,
				A844D6951D65521C00207151 /* Release */,
			);
			defaultConfigurationIsVisible = 0;
		};
/* End XCConfigurationList section */
	};
	rootObject = A844D6581D65521B00207151 /* Project object */;
}
